Microsoft Visual Studio Solution File, Format Version 11.00
# Visual Studio 2008

Project("{B97F0363-A902-DBA5-1FED-D1BD0E50C3C1}") = "POLIGONOS", "Assembly-CSharp-vs.csproj", "{7BC77366-7624-AF97-8B3F-B1E26C16BEEA}"
EndProject
Global
	GlobalSection(SolutionConfigurationPlatforms) = preSolution
		Debug|Any CPU = Debug|Any CPU
		Release|Any CPU = Release|Any CPU
	EndGlobalSection
	GlobalSection(ProjectConfigurationPlatforms) = postSolution
		{7BC77366-7624-AF97-8B3F-B1E26C16BEEA}.Debug|Any CPU.ActiveCfg = Debug|Any CPU
		{7BC77366-7624-AF97-8B3F-B1E26C16BEEA}.Debug|Any CPU.Build.0 = Debug|Any CPU
		{7BC77366-7624-AF97-8B3F-B1E26C16BEEA}.Release|Any CPU.ActiveCfg = Release|Any CPU
		{7BC77366-7624-AF97-8B3F-B1E26C16BEEA}.Release|Any CPU.Build.0 = Release|Any CPU
	EndGlobalSection
	GlobalSection(SolutionProperties) = preSolution
		HideSolutionNode = FALSE
	EndGlobalSection
		GlobalSection(MonoDevelopProperties) = preSolution
		StartupItem = Assembly-CSharp.csproj
		Policies = $0
		$0.TextStylePolicy = $1
		$1.inheritsSet = null
		$1.scope = text/x-csharp
		$0.CSharpFormattingPolicy = $2
		$2.inheritsSet = Mono
		$2.inheritsScope = text/x-csharp
		$2.scope = text/x-csharp
		$0.TextStylePolicy = $3
		$3.FileWidth = 120
		$3.TabWidth = 4
		$3.EolMarker = Unix
		$3.inheritsSet = Mono
		$3.inheritsScope = text/plain
		$3.scope = text/plain
	EndGlobalSection

EndGlobal
